
Microsoft Visual Studio Solution File, Format Version 12.00
# Visual Studio Version 17
VisualStudioVersion = 17.14.36414.22 d17.14
MinimumVisualStudioVersion = 10.0.40219.1
Project("{FAE04EC0-301F-11D3-BF4B-00C04F79EFBC}") = "OOPlab1", "OOPlab1.csproj", "{4C8EBB84-2A73-4AF5-9FFA-01F4D864059A}"
EndProject
Global
	GlobalSection(SolutionConfigurationPlatforms) = preSolution
		Debug|Any CPU = Debug|Any CPU
		Release|Any CPU = Release|Any CPU
	EndGlobalSection
	GlobalSection(ProjectConfigurationPlatforms) = postSolution
		{4C8EBB84-2A73-4AF5-9FFA-01F4D864059A}.Debug|Any CPU.ActiveCfg = Debug|Any CPU
		{4C8EBB84-2A73-4AF5-9FFA-01F4D864059A}.Debug|Any CPU.Build.0 = Debug|Any CPU
		{4C8EBB84-2A73-4AF5-9FFA-01F4D864059A}.Release|Any CPU.ActiveCfg = Release|Any CPU
		{4C8EBB84-2A73-4AF5-9FFA-01F4D864059A}.Release|Any CPU.Build.0 = Release|Any CPU
	EndGlobalSection
	GlobalSection(SolutionProperties) = preSolution
		HideSolutionNode = FALSE
	EndGlobalSection
	GlobalSection(ExtensibilityGlobals) = postSolution
		SolutionGuid = {99902842-1EB4-483D-8A77-E48FA7CB9696}
	EndGlobalSection
EndGlobal
